
Microsoft Visual Studio Solution File, Format Version 12.00
# Visual Studio Version 17
VisualStudioVersion = 17.14.36121.58 d17.14
MinimumVisualStudioVersion = 10.0.40219.1
Project("{FAE04EC0-301F-11D3-BF4B-00C04F79EFBC}") = "HelloWorldWebFordjour", "HelloWorldWebFordjour\HelloWorldWebFordjour.csproj", "{995034B6-AC9F-4CC7-8E49-925A42CCCBA4}"
EndProject
Global
	GlobalSection(SolutionConfigurationPlatforms) = preSolution
		Debug|Any CPU = Debug|Any CPU
		Release|Any CPU = Release|Any CPU
	EndGlobalSection
	GlobalSection(ProjectConfigurationPlatforms) = postSolution
		{995034B6-AC9F-4CC7-8E49-925A42CCCBA4}.Debug|Any CPU.ActiveCfg = Debug|Any CPU
		{995034B6-AC9F-4CC7-8E49-925A42CCCBA4}.Debug|Any CPU.Build.0 = Debug|Any CPU
		{995034B6-AC9F-4CC7-8E49-925A42CCCBA4}.Release|Any CPU.ActiveCfg = Release|Any CPU
		{995034B6-AC9F-4CC7-8E49-925A42CCCBA4}.Release|Any CPU.Build.0 = Release|Any CPU
	EndGlobalSection
	GlobalSection(SolutionProperties) = preSolution
		HideSolutionNode = FALSE
	EndGlobalSection
	GlobalSection(ExtensibilityGlobals) = postSolution
		SolutionGuid = {0A70747D-D95D-4B37-B15C-153A2BDB1601}
	EndGlobalSection
EndGlobal
